Microsoft Visual Studio Solution File, Format Version 11.00
# Visual Studio 2008

Project("{456CA566-F9E1-96F7-647F-73E837DCD717}") = "War on Kookies", "Assembly-CSharp.csproj", "{D3CA3A45-5630-A59A-099F-694A126B6A45}"
EndProject
Global
	GlobalSection(SolutionConfigurationPlatforms) = preSolution
		Debug|Any CPU = Debug|Any CPU
		Release|Any CPU = Release|Any CPU
	EndGlobalSection
	GlobalSection(ProjectConfigurationPlatforms) = postSolution
		{D3CA3A45-5630-A59A-099F-694A126B6A45}.Debug|Any CPU.ActiveCfg = Debug|Any CPU
		{D3CA3A45-5630-A59A-099F-694A126B6A45}.Debug|Any CPU.Build.0 = Debug|Any CPU
		{D3CA3A45-5630-A59A-099F-694A126B6A45}.Release|Any CPU.ActiveCfg = Release|Any CPU
		{D3CA3A45-5630-A59A-099F-694A126B6A45}.Release|Any CPU.Build.0 = Release|Any CPU
	EndGlobalSection
	GlobalSection(SolutionProperties) = preSolution
		HideSolutionNode = FALSE
	EndGlobalSection
	GlobalSection(MonoDevelopProperties) = preSolution
		StartupItem = Assembly-CSharp.csproj
	EndGlobalSection
EndGlobal
